// !$*UTF8*$!
{
	archiveVersion = 1;
	classes = {
	};
	objectVersion = 50;
	objects = {

/* Begin PBXBuildFile section */
		12FEEBC3234C50DA0075A580 /* AppDelegate.swift in Sources */ = {isa = PBXBuildFile; fileRef = 12FEEBC2234C50DA0075A580 /* AppDelegate.swift */; };
		12FEEBC5234C50DA0075A580 /* ViewController.swift in Sources */ = {isa = PBXBuildFile; fileRef = 12FEEBC4234C50DA0075A580 /* ViewController.swift */; };
		12FEEBC8234C50DA0075A580 /* Main.storyboard in Resources */ = {isa = PBXBuildFile; fileRef = 12FEEBC6234C50DA0075A580 /* Main.storyboard */; };
		12FEEBCA234C50DC0075A580 /* Assets.xcassets in Resources */ = {isa = PBXBuildFile; fileRef = 12FEEBC9234C50DC0075A580 /* Assets.xcassets */; };
		12FEEBCD234C50DC0075A580 /* LaunchScreen.storyboard in Resources */ = {isa = PBXBuildFile; fileRef = 12FEEBCB234C50DC0075A580 /* LaunchScreen.storyboard */; };
		12FEEBD9234C51F10075A580 /* PostListCell.swift in Sources */ = {isa = PBXBuildFile; fileRef = 12FEEBD8234C51F10075A580 /* PostListCell.swift */; };
		12FEEBDB234C52C80075A580 /* PostListViewModel.swift in Sources */ = {isa = PBXBuildFile; fileRef = 12FEEBDA234C52C80075A580 /* PostListViewModel.swift */; };
		12FEEBDD234C544F0075A580 /* BaseViewController.swift in Sources */ = {isa = PBXBuildFile; fileRef = 12FEEBDC234C544F0075A580 /* BaseViewController.swift */; };
		12FEEBDF234C54AB0075A580 /* PostModel.swift in Sources */ = {isa = PBXBuildFile; fileRef = 12FEEBDE234C54AB0075A580 /* PostModel.swift */; };
		12FEEBF3234C63FB0075A580 /* PostListInteractor.swift in Sources */ = {isa = PBXBuildFile; fileRef = 12FEEBF2234C63FB0075A580 /* PostListInteractor.swift */; };
		12FEEBF7234C64BD0075A580 /* Webservice.swift in Sources */ = {isa = PBXBuildFile; fileRef = 12FEEBF5234C64BD0075A580 /* Webservice.swift */; };
		12FEEBF8234C64BD0075A580 /* Router.swift in Sources */ = {isa = PBXBuildFile; fileRef = 12FEEBF6234C64BD0075A580 /* Router.swift */; };
		12FEEBFB234C66150075A580 /* Reachability.swift in Sources */ = {isa = PBXBuildFile; fileRef = 12FEEBFA234C66150075A580 /* Reachability.swift */; };
		7E38408A5E71C30C4AC0369B /* Pods_EngineerAiTest.framework in Frameworks */ = {isa = PBXBuildFile; fileRef = 0EE3CAA3F9E4249DF8FAD1AF /* Pods_EngineerAiTest.framework */; };
/* End PBXBuildFile section */

/* Begin PBXFileReference section */
		09AE165FA835D56F18F1CAAF /* Pods-EngineerAiTest.release.xcconfig */ = {isa = PBXFileReference; includeInIndex = 1; lastKnownFileType = text.xcconfig; name = "Pods-EngineerAiTest.release.xcconfig"; path = "Pods/Target Support Files/Pods-EngineerAiTest/Pods-EngineerAiTest.release.xcconfig"; sourceTree = "<group>"; };
		0EE3CAA3F9E4249DF8FAD1AF /* Pods_EngineerAiTest.framework */ = {isa = PBXFileReference; explicitFileType = wrapper.framework; includeInIndex = 0; path = Pods_EngineerAiTest.framework; sourceTree = BUILT_PRODUCTS_DIR; };
		12FEEBBF234C50DA0075A580 /* EngineerAiTest.app */ = {isa = PBXFileReference; explicitFileType = wrapper.application; includeInIndex = 0; path = EngineerAiTest.app; sourceTree = BUILT_PRODUCTS_DIR; };
		12FEEBC2234C50DA0075A580 /* AppDelegate.swift */ = {isa = PBXFileReference; lastKnownFileType = sourcecode.swift; path = AppDelegate.swift; sourceTree = "<group>"; };
		12FEEBC4234C50DA0075A580 /* ViewController.swift */ = {isa = PBXFileReference; lastKnownFileType = sourcecode.swift; path = ViewController.swift; sourceTree = "<group>"; };
		12FEEBC7234C50DA0075A580 /* Base */ = {isa = PBXFileReference; lastKnownFileType = file.storyboard; name = Base; path = Base.lproj/Main.storyboard; sourceTree = "<group>"; };
		12FEEBC9234C50DC0075A580 /* Assets.xcassets */ = {isa = PBXFileReference; lastKnownFileType = folder.assetcatalog; path = Assets.xcassets; sourceTree = "<group>"; };
		12FEEBCC234C50DC0075A580 /* Base */ = {isa = PBXFileReference; lastKnownFileType = file.storyboard; name = Base; path = Base.lproj/LaunchScreen.storyboard; sourceTree = "<group>"; };
		12FEEBCE234C50DC0075A580 /* Info.plist */ = {isa = PBXFileReference; lastKnownFileType = text.plist.xml; path = Info.plist; sourceTree = "<group>"; };
		12FEEBD8234C51F10075A580 /* PostListCell.swift */ = {isa = PBXFileReference; lastKnownFileType = sourcecode.swift; path = PostListCell.swift; sourceTree = "<group>"; };
		12FEEBDA234C52C80075A580 /* PostListViewModel.swift */ = {isa = PBXFileReference; lastKnownFileType = sourcecode.swift; path = PostListViewModel.swift; sourceTree = "<group>"; };
		12FEEBDC234C544F0075A580 /* BaseViewController.swift */ = {isa = PBXFileReference; lastKnownFileType = sourcecode.swift; path = BaseViewController.swift; sourceTree = "<group>"; };
		12FEEBDE234C54AB0075A580 /* PostModel.swift */ = {isa = PBXFileReference; lastKnownFileType = sourcecode.swift; path = PostModel.swift; sourceTree = "<group>"; };
		12FEEBF2234C63FB0075A580 /* PostListInteractor.swift */ = {isa = PBXFileReference; lastKnownFileType = sourcecode.swift; path = PostListInteractor.swift; sourceTree = "<group>"; };
		12FEEBF5234C64BD0075A580 /* Webservice.swift */ = {isa = PBXFileReference; fileEncoding = 4; lastKnownFileType = sourcecode.swift; path = Webservice.swift; sourceTree = "<group>"; };
		12FEEBF6234C64BD0075A580 /* Router.swift */ = {isa = PBXFileReference; fileEncoding = 4; lastKnownFileType = sourcecode.swift; path = Router.swift; sourceTree = "<group>"; };
		12FEEBFA234C66150075A580 /* Reachability.swift */ = {isa = PBXFileReference; lastKnownFileType = sourcecode.swift; path = Reachability.swift; sourceTree = "<group>"; };
		F6E9C5574F4F42652D5D0215 /* Pods-EngineerAiTest.debug.xcconfig */ = {isa = PBXFileReference; includeInIndex = 1; lastKnownFileType = text.xcconfig; name = "Pods-EngineerAiTest.debug.xcconfig"; path = "Pods/Target Support Files/Pods-EngineerAiTest/Pods-EngineerAiTest.debug.xcconfig"; sourceTree = "<group>"; };
/* End PBXFileReference section */

/* Begin PBXFrameworksBuildPhase section */
		12FEEBBC234C50DA0075A580 /* Frameworks */ = {
			isa = PBXFrameworksBuildPhase;
			buildActionMask = 2147483647;
			files = (
				7E38408A5E71C30C4AC0369B /* Pods_EngineerAiTest.framework in Frameworks */,
			);
			runOnlyForDeploymentPostprocessing = 0;
		};
/* End PBXFrameworksBuildPhase section */

/* Begin PBXGroup section */
		12FEEBB6234C50DA0075A580 = {
			isa = PBXGroup;
			children = (
				12FEEBC1234C50DA0075A580 /* EngineerAiTest */,
				12FEEBC0234C50DA0075A580 /* Products */,
				DA25BA8B4C9BA2ABBF04593B /* Pods */,
				77286E461B1EBEEB2EE53BB9 /* Frameworks */,
			);
			sourceTree = "<group>";
		};
		12FEEBC0234C50DA0075A580 /* Products */ = {
			isa = PBXGroup;
			children = (
				12FEEBBF234C50DA0075A580 /* EngineerAiTest.app */,
			);
			name = Products;
			sourceTree = "<group>";
		};
		12FEEBC1234C50DA0075A580 /* EngineerAiTest */ = {
			isa = PBXGroup;
			children = (
				12FEEBF9234C66020075A580 /* Helper */,
				12FEEBF4234C64BD0075A580 /* Network Layer */,
				12FEEBE2234C57610075A580 /* PostList */,
				12FEEBE1234C57520075A580 /* BaseView */,
				12FEEBE0234C57470075A580 /* AppRelated */,
				12FEEBC6234C50DA0075A580 /* Main.storyboard */,
				12FEEBC9234C50DC0075A580 /* Assets.xcassets */,
				12FEEBCB234C50DC0075A580 /* LaunchScreen.storyboard */,
				12FEEBCE234C50DC0075A580 /* Info.plist */,
			);
			path = EngineerAiTest;
			sourceTree = "<group>";
		};
		12FEEBD4234C50E80075A580 /* ViewModel */ = {
			isa = PBXGroup;
			children = (
				12FEEBDA234C52C80075A580 /* PostListViewModel.swift */,
			);
			path = ViewModel;
			sourceTree = "<group>";
		};
		12FEEBD5234C50F40075A580 /* ViewControllers */ = {
			isa = PBXGroup;
			children = (
				12FEEBC4234C50DA0075A580 /* ViewController.swift */,
			);
			path = ViewControllers;
			sourceTree = "<group>";
		};
		12FEEBD6234C51030075A580 /* Model */ = {
			isa = PBXGroup;
			children = (
				12FEEBDE234C54AB0075A580 /* PostModel.swift */,
			);
			path = Model;
			sourceTree = "<group>";
		};
		12FEEBD7234C51CB0075A580 /* View */ = {
			isa = PBXGroup;
			children = (
				12FEEBD8234C51F10075A580 /* PostListCell.swift */,
			);
			path = View;
			sourceTree = "<group>";
		};
		12FEEBE0234C57470075A580 /* AppRelated */ = {
			isa = PBXGroup;
			children = (
				12FEEBC2234C50DA0075A580 /* AppDelegate.swift */,
			);
			path = AppRelated;
			sourceTree = "<group>";
		};
		12FEEBE1234C57520075A580 /* BaseView */ = {
			isa = PBXGroup;
			children = (
				12FEEBDC234C544F0075A580 /* BaseViewController.swift */,
			);
			path = BaseView;
			sourceTree = "<group>";
		};
		12FEEBE2234C57610075A580 /* PostList */ = {
			isa = PBXGroup;
			children = (
				12FEEBF1234C63E70075A580 /* Interactor */,
				12FEEBD7234C51CB0075A580 /* View */,
				12FEEBD6234C51030075A580 /* Model */,
				12FEEBD5234C50F40075A580 /* ViewControllers */,
				12FEEBD4234C50E80075A580 /* ViewModel */,
			);
			path = PostList;
			sourceTree = "<group>";
		};
		12FEEBF1234C63E70075A580 /* Interactor */ = {
			isa = PBXGroup;
			children = (
				12FEEBF2234C63FB0075A580 /* PostListInteractor.swift */,
			);
			path = Interactor;
			sourceTree = "<group>";
		};
		12FEEBF4234C64BD0075A580 /* Network Layer */ = {
			isa = PBXGroup;
			children = (
				12FEEBF5234C64BD0075A580 /* Webservice.swift */,
				12FEEBF6234C64BD0075A580 /* Router.swift */,
			);
			path = "Network Layer";
			sourceTree = "<group>";
		};
		12FEEBF9234C66020075A580 /* Helper */ = {
			isa = PBXGroup;
			children = (
				12FEEBFA234C66150075A580 /* Reachability.swift */,
			);
			path = Helper;
			sourceTree = "<group>";
		};
		77286E461B1EBEEB2EE53BB9 /* Frameworks */ = {
			isa = PBXGroup;
			children = (
				0EE3CAA3F9E4249DF8FAD1AF /* Pods_EngineerAiTest.framework */,
			);
			name = Frameworks;
			sourceTree = "<group>";
		};
		DA25BA8B4C9BA2ABBF04593B /* Pods */ = {
			isa = PBXGroup;
			children = (
				F6E9C5574F4F42652D5D0215 /* Pods-EngineerAiTest.debug.xcconfig */,
				09AE165FA835D56F18F1CAAF /* Pods-EngineerAiTest.release.xcconfig */,
			);
			name = Pods;
			sourceTree = "<group>";
		};
/* End PBXGroup section */

/* Begin PBXNativeTarget section */
		12FEEBBE234C50DA0075A580 /* EngineerAiTest */ = {
			isa = PBXNativeTarget;
			buildConfigurationList = 12FEEBD1234C50DC0075A580 /* Build configuration list for PBXNativeTarget "EngineerAiTest" */;
			buildPhases = (
				773D702683038189326109E4 /* [CP] Check Pods Manifest.lock */,
				12FEEBBB234C50DA0075A580 /* Sources */,
				12FEEBBC234C50DA0075A580 /* Frameworks */,
				12FEEBBD234C50DA0075A580 /* Resources */,
				CC98CC8E28510079148C7CC3 /* [CP] Embed Pods Frameworks */,
			);
			buildRules = (
			);
			dependencies = (
			);
			name = EngineerAiTest;
			productName = EngineerAiTest;
			productReference = 12FEEBBF234C50DA0075A580 /* EngineerAiTest.app */;
			productType = "com.apple.product-type.application";
		};
/* End PBXNativeTarget section */

/* Begin PBXProject section */
		12FEEBB7234C50DA0075A580 /* Project object */ = {
			isa = PBXProject;
			attributes = {
				LastSwiftUpdateCheck = 1030;
				LastUpgradeCheck = 1030;
				ORGANIZATIONNAME = Tatvasoft;
				TargetAttributes = {
					12FEEBBE234C50DA0075A580 = {
						CreatedOnToolsVersion = 10.3;
					};
				};
			};
			buildConfigurationList = 12FEEBBA234C50DA0075A580 /* Build configuration list for PBXProject "EngineerAiTest" */;
			compatibilityVersion = "Xcode 9.3";
			developmentRegion = en;
			hasScannedForEncodings = 0;
			knownRegions = (
				en,
				Base,
			);
			mainGroup = 12FEEBB6234C50DA0075A580;
			productRefGroup = 12FEEBC0234C50DA0075A580 /* Products */;
			projectDirPath = "";
			projectRoot = "";
			targets = (
				12FEEBBE234C50DA0075A580 /* EngineerAiTest */,
			);
		};
/* End PBXProject section */

/* Begin PBXResourcesBuildPhase section */
		12FEEBBD234C50DA0075A580 /* Resources */ = {
			isa = PBXResourcesBuildPhase;
			buildActionMask = 2147483647;
			files = (
				12FEEBCD234C50DC0075A580 /* LaunchScreen.storyboard in Resources */,
				12FEEBCA234C50DC0075A580 /* Assets.xcassets in Resources */,
				12FEEBC8234C50DA0075A580 /* Main.storyboard in Resources */,
			);
			runOnlyForDeploymentPostprocessing = 0;
		};
/* End PBXResourcesBuildPhase section */

/* Begin PBXShellScriptBuildPhase section */
		773D702683038189326109E4 /* [CP] Check Pods Manifest.lock */ = {
			isa = PBXShellScriptBuildPhase;
			buildActionMask = 2147483647;
			files = (
			);
			inputFileListPaths = (
			);
			inputPaths = (
				"${PODS_PODFILE_DIR_PATH}/Podfile.lock",
				"${PODS_ROOT}/Manifest.lock",
			);
			name = "[CP] Check Pods Manifest.lock";
			outputFileListPaths = (
			);
			outputPaths = (
				"$(DERIVED_FILE_DIR)/Pods-EngineerAiTest-checkManifestLockResult.txt",
			);
			runOnlyForDeploymentPostprocessing = 0;
			shellPath = /bin/sh;
			shellScript = "diff \"${PODS_PODFILE_DIR_PATH}/Podfile.lock\" \"${PODS_ROOT}/Manifest.lock\" > /dev/null\nif [ $? != 0 ] ; then\n    # print error to STDERR\n    echo \"error: The sandbox is not in sync with the Podfile.lock. Run 'pod install' or update your CocoaPods installation.\" >&2\n    exit 1\nfi\n# This output is used by Xcode 'outputs' to avoid re-running this script phase.\necho \"SUCCESS\" > \"${SCRIPT_OUTPUT_FILE_0}\"\n";
			showEnvVarsInLog = 0;
		};
		CC98CC8E28510079148C7CC3 /* [CP] Embed Pods Frameworks */ = {
			isa = PBXShellScriptBuildPhase;
			buildActionMask = 2147483647;
			files = (
			);
			inputFileListPaths = (
			);
			inputPaths = (
				"${SRCROOT}/Pods/Target Support Files/Pods-EngineerAiTest/Pods-EngineerAiTest-frameworks.sh",
				"${BUILT_PRODUCTS_DIR}/Alamofire/Alamofire.framework",
				"${BUILT_PRODUCTS_DIR}/RxAlamofire/RxAlamofire.framework",
				"${BUILT_PRODUCTS_DIR}/RxCocoa/RxCocoa.framework",
				"${BUILT_PRODUCTS_DIR}/RxRelay/RxRelay.framework",
				"${BUILT_PRODUCTS_DIR}/RxSwift/RxSwift.framework",
				"${BUILT_PRODUCTS_DIR}/SwiftyJSON/SwiftyJSON.framework",
			);
			name = "[CP] Embed Pods Frameworks";
			outputFileListPaths = (
			);
			outputPaths = (
				"${TARGET_BUILD_DIR}/${FRAMEWORKS_FOLDER_PATH}/Alamofire.framework",
				"${TARGET_BUILD_DIR}/${FRAMEWORKS_FOLDER_PATH}/RxAlamofire.framework",
				"${TARGET_BUILD_DIR}/${FRAMEWORKS_FOLDER_PATH}/RxCocoa.framework",
				"${TARGET_BUILD_DIR}/${FRAMEWORKS_FOLDER_PATH}/RxRelay.framework",
				"${TARGET_BUILD_DIR}/${FRAMEWORKS_FOLDER_PATH}/RxSwift.framework",
				"${TARGET_BUILD_DIR}/${FRAMEWORKS_FOLDER_PATH}/SwiftyJSON.framework",
			);
			runOnlyForDeploymentPostprocessing = 0;
			shellPath = /bin/sh;
			shellScript = "\"${SRCROOT}/Pods/Target Support Files/Pods-EngineerAiTest/Pods-EngineerAiTest-frameworks.sh\"\n";
			showEnvVarsInLog = 0;
		};
/* End PBXShellScriptBuildPhase section */

/* Begin PBXSourcesBuildPhase section */
		12FEEBBB234C50DA0075A580 /* Sources */ = {
			isa = PBXSourcesBuildPhase;
			buildActionMask = 2147483647;
			files = (
				12FEEBDD234C544F0075A580 /* BaseViewController.swift in Sources */,
				12FEEBDF234C54AB0075A580 /* PostModel.swift in Sources */,
				12FEEBF7234C64BD0075A580 /* Webservice.swift in Sources */,
				12FEEBDB234C52C80075A580 /* PostListViewModel.swift in Sources */,
				12FEEBF8234C64BD0075A580 /* Router.swift in Sources */,
				12FEEBD9234C51F10075A580 /* PostListCell.swift in Sources */,
				12FEEBC5234C50DA0075A580 /* ViewController.swift in Sources */,
				12FEEBF3234C63FB0075A580 /* PostListInteractor.swift in Sources */,
				12FEEBFB234C66150075A580 /* Reachability.swift in Sources */,
				12FEEBC3234C50DA0075A580 /* AppDelegate.swift in Sources */,
			);
			runOnlyForDeploymentPostprocessing = 0;
		};
/* End PBXSourcesBuildPhase section */

/* Begin PBXVariantGroup section */
		12FEEBC6234C50DA0075A580 /* Main.storyboard */ = {
			isa = PBXVariantGroup;
			children = (
				12FEEBC7234C50DA0075A580 /* Base */,
			);
			name = Main.storyboard;
			sourceTree = "<group>";
		};
		12FEEBCB234C50DC0075A580 /* LaunchScreen.storyboard */ = {
			isa = PBXVariantGroup;
			children = (
				12FEEBCC234C50DC0075A580 /* Base */,
			);
			name = LaunchScreen.storyboard;
			sourceTree = "<group>";
		};
/* End PBXVariantGroup section */

/* Begin XCBuildConfiguration section */
		12FEEBCF234C50DC0075A580 /* Debug */ = {
			isa = XCBuildConfiguration;
			buildSettings = {
				ALWAYS_SEARCH_USER_PATHS = NO;
				CLANG_ANALYZER_NONNULL = YES;
				CLANG_ANALYZER_NUMBER_OBJECT_CONVERSION = YES_AGGRESSIVE;
				CLANG_CXX_LANGUAGE_STANDARD = "gnu++14";
				CLANG_CXX_LIBRARY = "libc++";
				CLANG_ENABLE_MODULES = YES;
				CLANG_ENABLE_OBJC_ARC = YES;
				CLANG_ENABLE_OBJC_WEAK = YES;
				CLANG_WARN_BLOCK_CAPTURE_AUTORELEASING = YES;
				CLANG_WARN_BOOL_CONVERSION = YES;
				CLANG_WARN_COMMA = YES;
				CLANG_WARN_CONSTANT_CONVERSION = YES;
				CLANG_WARN_DEPRECATED_OBJC_IMPLEMENTATIONS = YES;
				CLANG_WARN_DIRECT_OBJC_ISA_USAGE = YES_ERROR;
				CLANG_WARN_DOCUMENTATION_COMMENTS = YES;
				CLANG_WARN_EMPTY_BODY = YES;
				CLANG_WARN_ENUM_CONVERSION = YES;
				CLANG_WARN_INFINITE_RECURSION = YES;
				CLANG_WARN_INT_CONVERSION = YES;
				CLANG_WARN_NON_LITERAL_NULL_CONVERSION = YES;
				CLANG_WARN_OBJC_IMPLICIT_RETAIN_SELF = YES;
				CLANG_WARN_OBJC_LITERAL_CONVERSION = YES;
				CLANG_WARN_OBJC_ROOT_CLASS = YES_ERROR;
				CLANG_WARN_RANGE_LOOP_ANALYSIS = YES;
				CLANG_WARN_STRICT_PROTOTYPES = YES;
				CLANG_WARN_SUSPICIOUS_MOVE = YES;
				CLANG_WARN_UNGUARDED_AVAILABILITY = YES_AGGRESSIVE;
				CLANG_WARN_UNREACHABLE_CODE = YES;
				CLANG_WARN__DUPLICATE_METHOD_MATCH = YES;
				CODE_SIGN_IDENTITY = "iPhone Developer";
				COPY_PHASE_STRIP = NO;
				DEBUG_INFORMATION_FORMAT = dwarf;
				ENABLE_STRICT_OBJC_MSGSEND = YES;
				ENABLE_TESTABILITY = YES;
				GCC_C_LANGUAGE_STANDARD = gnu11;
				GCC_DYNAMIC_NO_PIC = NO;
				GCC_NO_COMMON_BLOCKS = YES;
				GCC_OPTIMIZATION_LEVEL = 0;
				GCC_PREPROCESSOR_DEFINITIONS = (
					"DEBUG=1",
					"$(inherited)",
				);
				GCC_WARN_64_TO_32_BIT_CONVERSION = YES;
				GCC_WARN_ABOUT_RETURN_TYPE = YES_ERROR;
				GCC_WARN_UNDECLARED_SELECTOR = YES;
				GCC_WARN_UNINITIALIZED_AUTOS = YES_AGGRESSIVE;
				GCC_WARN_UNUSED_FUNCTION = YES;
				GCC_WARN_UNUSED_VARIABLE = YES;
				IPHONEOS_DEPLOYMENT_TARGET = 12.4;
				MTL_ENABLE_DEBUG_INFO = INCLUDE_SOURCE;
				MTL_FAST_MATH = YES;
				ONLY_ACTIVE_ARCH = YES;
				SDKROOT = iphoneos;
				SWIFT_ACTIVE_COMPILATION_CONDITIONS = DEBUG;
				SWIFT_OPTIMIZATION_LEVEL = "-Onone";
			};
			name = Debug;
		};
		12FEEBD0234C50DC0075A580 /* Release */ = {
			isa = XCBuildConfiguration;
			buildSettings = {
				ALWAYS_SEARCH_USER_PATHS = NO;
				CLANG_ANALYZER_NONNULL = YES;
				CLANG_ANALYZER_NUMBER_OBJECT_CONVERSION = YES_AGGRESSIVE;
				CLANG_CXX_LANGUAGE_STANDARD = "gnu++14";
				CLANG_CXX_LIBRARY = "libc++";
				CLANG_ENABLE_MODULES = YES;
				CLANG_ENABLE_OBJC_ARC = YES;
				CLANG_ENABLE_OBJC_WEAK = YES;
				CLANG_WARN_BLOCK_CAPTURE_AUTORELEASING = YES;
				CLANG_WARN_BOOL_CONVERSION = YES;
				CLANG_WARN_COMMA = YES;
				CLANG_WARN_CONSTANT_CONVERSION = YES;
				CLANG_WARN_DEPRECATED_OBJC_IMPLEMENTATIONS = YES;
				CLANG_WARN_DIRECT_OBJC_ISA_USAGE = YES_ERROR;
				CLANG_WARN_DOCUMENTATION_COMMENTS = YES;
				CLANG_WARN_EMPTY_BODY = YES;
				CLANG_WARN_ENUM_CONVERSION = YES;
				CLANG_WARN_INFINITE_RECURSION = YES;
				CLANG_WARN_INT_CONVERSION = YES;
				CLANG_WARN_NON_LITERAL_NULL_CONVERSION = YES;
				CLANG_WARN_OBJC_IMPLICIT_RETAIN_SELF = YES;
				CLANG_WARN_OBJC_LITERAL_CONVERSION = YES;
				CLANG_WARN_OBJC_ROOT_CLASS = YES_ERROR;
				CLANG_WARN_RANGE_LOOP_ANALYSIS = YES;
				CLANG_WARN_STRICT_PROTOTYPES = YES;
				CLANG_WARN_SUSPICIOUS_MOVE = YES;
				CLANG_WARN_UNGUARDED_AVAILABILITY = YES_AGGRESSIVE;
				CLANG_WARN_UNREACHABLE_CODE = YES;
				CLANG_WARN__DUPLICATE_METHOD_MATCH = YES;
				CODE_SIGN_IDENTITY = "iPhone Developer";
				COPY_PHASE_STRIP = NO;
				DEBUG_INFORMATION_FORMAT = "dwarf-with-dsym";
				ENABLE_NS_ASSERTIONS = NO;
				ENABLE_STRICT_OBJC_MSGSEND = YES;
				GCC_C_LANGUAGE_STANDARD = gnu11;
				GCC_NO_COMMON_BLOCKS = YES;
				GCC_WARN_64_TO_32_BIT_CONVERSION = YES;
				GCC_WARN_ABOUT_RETURN_TYPE = YES_ERROR;
				GCC_WARN_UNDECLARED_SELECTOR = YES;
				GCC_WARN_UNINITIALIZED_AUTOS = YES_AGGRESSIVE;
				GCC_WARN_UNUSED_FUNCTION = YES;
				GCC_WARN_UNUSED_VARIABLE = YES;
				IPHONEOS_DEPLOYMENT_TARGET = 12.4;
				MTL_ENABLE_DEBUG_INFO = NO;
				MTL_FAST_MATH = YES;
				SDKROOT = iphoneos;
				SWIFT_COMPILATION_MODE = wholemodule;
				SWIFT_OPTIMIZATION_LEVEL = "-O";
				VALIDATE_PRODUCT = YES;
			};
			name = Release;
		};
		12FEEBD2234C50DC0075A580 /* Debug */ = {
			isa = XCBuildConfiguration;
			baseConfigurationReference = F6E9C5574F4F42652D5D0215 /* Pods-EngineerAiTest.debug.xcconfig */;
			buildSettings = {
				ASSETCATALOG_COMPILER_APPICON_NAME = AppIcon;
				CODE_SIGN_STYLE = Manual;
				DEVELOPMENT_TEAM = "";
				INFOPLIST_FILE = EngineerAiTest/Info.plist;
				LD_RUNPATH_SEARCH_PATHS = (
					"$(inherited)",
					"@executable_path/Frameworks",
				);
				PRODUCT_BUNDLE_IDENTIFIER = com.ts.EngineerAiTest;
				PRODUCT_NAME = "$(TARGET_NAME)";
				PROVISIONING_PROFILE_SPECIFIER = "";
				SWIFT_VERSION = 5.0;
				TARGETED_DEVICE_FAMILY = "1,2";
			};
			name = Debug;
		};
		12FEEBD3234C50DC0075A580 /* Release */ = {
			isa = XCBuildConfiguration;
			baseConfigurationReference = 09AE165FA835D56F18F1CAAF /* Pods-EngineerAiTest.release.xcconfig */;
			buildSettings = {
				ASSETCATALOG_COMPILER_APPICON_NAME = AppIcon;
				CODE_SIGN_STYLE = Manual;
				DEVELOPMENT_TEAM = "";
				INFOPLIST_FILE = EngineerAiTest/Info.plist;
				LD_RUNPATH_SEARCH_PATHS = (
					"$(inherited)",
					"@executable_path/Frameworks",
				);
				PRODUCT_BUNDLE_IDENTIFIER = com.ts.EngineerAiTest;
				PRODUCT_NAME = "$(TARGET_NAME)";
				PROVISIONING_PROFILE_SPECIFIER = "";
				SWIFT_VERSION = 5.0;
				TARGETED_DEVICE_FAMILY = "1,2";
			};
			name = Release;
		};
/* End XCBuildConfiguration section */

/* Begin XCConfigurationList section */
		12FEEBBA234C50DA0075A580 /* Build configuration list for PBXProject "EngineerAiTest" */ = {
			isa = XCConfigurationList;
			buildConfigurations = (
				12FEEBCF234C50DC0075A580 /* Debug */,
				12FEEBD0234C50DC0075A580 /* Release */,
			);
			defaultConfigurationIsVisible = 0;
			defaultConfigurationName = Release;
		};
		12FEEBD1234C50DC0075A580 /* Build configuration list for PBXNativeTarget "EngineerAiTest" */ = {
			isa = XCConfigurationList;
			buildConfigurations = (
				12FEEBD2234C50DC0075A580 /* Debug */,
				12FEEBD3234C50DC0075A580 /* Release */,
			);
			defaultConfigurationIsVisible = 0;
			defaultConfigurationName = Release;
		};
/* End XCConfigurationList section */
	};
	rootObject = 12FEEBB7234C50DA0075A580 /* Project object */;
}
